
Microsoft Visual Studio Solution File, Format Version 12.00
# Visual Studio Version 16
VisualStudioVersion = 16.0.30503.244
MinimumVisualStudioVersion = 10.0.40219.1
Project("{8BC9CEB8-8B4A-11D0-8D11-00A0C91BC942}") = "RocketStatsNuSa", "RocketStatsNuSa\RocketStatsNuSa.vcxproj", "{8BE195BC-918C-4EE3-B073-665D17A9B468}"
EndProject
Project("{8BC9CEB8-8B4A-11D0-8D11-00A0C91BC942}") = "RocketStats", "RocketStats\RocketStats.vcxproj", "{99C07F6D-C7AD-499D-B9D8-880EEDF0A2D0}"
EndProject
Global
	GlobalSection(SolutionConfigurationPlatforms) = preSolution
		Debug|x64 = Debug|x64
		Debug|x86 = Debug|x86
		Release|x64 = Release|x64
		Release|x86 = Release|x86
	EndGlobalSection
	GlobalSection(ProjectConfigurationPlatforms) = postSolution
		{8BE195BC-918C-4EE3-B073-665D17A9B468}.Debug|x64.ActiveCfg = Debug|x64
		{8BE195BC-918C-4EE3-B073-665D17A9B468}.Debug|x64.Build.0 = Debug|x64
		{8BE195BC-918C-4EE3-B073-665D17A9B468}.Debug|x86.ActiveCfg = Debug|Win32
		{8BE195BC-918C-4EE3-B073-665D17A9B468}.Debug|x86.Build.0 = Debug|Win32
		{8BE195BC-918C-4EE3-B073-665D17A9B468}.Release|x64.ActiveCfg = Release|x64
		{8BE195BC-918C-4EE3-B073-665D17A9B468}.Release|x64.Build.0 = Release|x64
		{8BE195BC-918C-4EE3-B073-665D17A9B468}.Release|x86.ActiveCfg = Release|Win32
		{8BE195BC-918C-4EE3-B073-665D17A9B468}.Release|x86.Build.0 = Release|Win32
		{99C07F6D-C7AD-499D-B9D8-880EEDF0A2D0}.Debug|x64.ActiveCfg = Debug|x64
		{99C07F6D-C7AD-499D-B9D8-880EEDF0A2D0}.Debug|x64.Build.0 = Debug|x64
		{99C07F6D-C7AD-499D-B9D8-880EEDF0A2D0}.Debug|x86.ActiveCfg = Debug|Win32
		{99C07F6D-C7AD-499D-B9D8-880EEDF0A2D0}.Debug|x86.Build.0 = Debug|Win32
		{99C07F6D-C7AD-499D-B9D8-880EEDF0A2D0}.Release|x64.ActiveCfg = Release|x64
		{99C07F6D-C7AD-499D-B9D8-880EEDF0A2D0}.Release|x64.Build.0 = Release|x64
		{99C07F6D-C7AD-499D-B9D8-880EEDF0A2D0}.Release|x86.ActiveCfg = Release|Win32
		{99C07F6D-C7AD-499D-B9D8-880EEDF0A2D0}.Release|x86.Build.0 = Release|Win32
	EndGlobalSection
	GlobalSection(SolutionProperties) = preSolution
		HideSolutionNode = FALSE
	EndGlobalSection
	GlobalSection(ExtensibilityGlobals) = postSolution
		SolutionGuid = {FFB97C48-88FC-4296-8A11-1B5C324BCB26}
	EndGlobalSection
EndGlobal
